
Microsoft Visual Studio Solution File, Format Version 11.00
# Visual Studio 2010
Project("{FAE04EC0-301F-11D3-BF4B-00C04F79EFBC}") = "com.rssb.win.services.ffc", "com.rssb.win.services.ffc\com.rssb.win.services.ffc.csproj", "{8CCDBEF0-5ADB-4D76-A2D3-7789E44C6D88}"
EndProject
Project("{FAE04EC0-301F-11D3-BF4B-00C04F79EFBC}") = "FTPFileSystemCleanup", "FTPFileSytemCleanup\FTPFileSystemCleanup.csproj", "{C5E28565-F175-4365-B7B3-7169E30C7FC4}"
EndProject
Project("{FAE04EC0-301F-11D3-BF4B-00C04F79EFBC}") = "FFCService", "FFCService\FFCService.csproj", "{07C2F5F5-05BA-4EB6-9AB8-A8119608E90D}"
EndProject
Global
	GlobalSection(SolutionConfigurationPlatforms) = preSolution
		Debug|Any CPU = Debug|Any CPU
		Debug|Mixed Platforms = Debug|Mixed Platforms
		Debug|x86 = Debug|x86
		Release|Any CPU = Release|Any CPU
		Release|Mixed Platforms = Release|Mixed Platforms
		Release|x86 = Release|x86
	EndGlobalSection
	GlobalSection(ProjectConfigurationPlatforms) = postSolution
		{8CCDBEF0-5ADB-4D76-A2D3-7789E44C6D88}.Debug|Any CPU.ActiveCfg = Debug|Any CPU
		{8CCDBEF0-5ADB-4D76-A2D3-7789E44C6D88}.Debug|Any CPU.Build.0 = Debug|Any CPU
		{8CCDBEF0-5ADB-4D76-A2D3-7789E44C6D88}.Debug|Mixed Platforms.ActiveCfg = Debug|Any CPU
		{8CCDBEF0-5ADB-4D76-A2D3-7789E44C6D88}.Debug|Mixed Platforms.Build.0 = Debug|Any CPU
		{8CCDBEF0-5ADB-4D76-A2D3-7789E44C6D88}.Debug|x86.ActiveCfg = Debug|Any CPU
		{8CCDBEF0-5ADB-4D76-A2D3-7789E44C6D88}.Release|Any CPU.ActiveCfg = Release|Any CPU
		{8CCDBEF0-5ADB-4D76-A2D3-7789E44C6D88}.Release|Any CPU.Build.0 = Release|Any CPU
		{8CCDBEF0-5ADB-4D76-A2D3-7789E44C6D88}.Release|Mixed Platforms.ActiveCfg = Release|Any CPU
		{8CCDBEF0-5ADB-4D76-A2D3-7789E44C6D88}.Release|Mixed Platforms.Build.0 = Release|Any CPU
		{8CCDBEF0-5ADB-4D76-A2D3-7789E44C6D88}.Release|x86.ActiveCfg = Release|Any CPU
		{C5E28565-F175-4365-B7B3-7169E30C7FC4}.Debug|Any CPU.ActiveCfg = Debug|x86
		{C5E28565-F175-4365-B7B3-7169E30C7FC4}.Debug|Mixed Platforms.ActiveCfg = Debug|x86
		{C5E28565-F175-4365-B7B3-7169E30C7FC4}.Debug|Mixed Platforms.Build.0 = Debug|x86
		{C5E28565-F175-4365-B7B3-7169E30C7FC4}.Debug|x86.ActiveCfg = Debug|x86
		{C5E28565-F175-4365-B7B3-7169E30C7FC4}.Debug|x86.Build.0 = Debug|x86
		{C5E28565-F175-4365-B7B3-7169E30C7FC4}.Release|Any CPU.ActiveCfg = Release|x86
		{C5E28565-F175-4365-B7B3-7169E30C7FC4}.Release|Mixed Platforms.ActiveCfg = Release|x86
		{C5E28565-F175-4365-B7B3-7169E30C7FC4}.Release|Mixed Platforms.Build.0 = Release|x86
		{C5E28565-F175-4365-B7B3-7169E30C7FC4}.Release|x86.ActiveCfg = Release|x86
		{C5E28565-F175-4365-B7B3-7169E30C7FC4}.Release|x86.Build.0 = Release|x86
		{07C2F5F5-05BA-4EB6-9AB8-A8119608E90D}.Debug|Any CPU.ActiveCfg = Debug|x86
		{07C2F5F5-05BA-4EB6-9AB8-A8119608E90D}.Debug|Mixed Platforms.ActiveCfg = Debug|x86
		{07C2F5F5-05BA-4EB6-9AB8-A8119608E90D}.Debug|Mixed Platforms.Build.0 = Debug|x86
		{07C2F5F5-05BA-4EB6-9AB8-A8119608E90D}.Debug|x86.ActiveCfg = Debug|x86
		{07C2F5F5-05BA-4EB6-9AB8-A8119608E90D}.Debug|x86.Build.0 = Debug|x86
		{07C2F5F5-05BA-4EB6-9AB8-A8119608E90D}.Release|Any CPU.ActiveCfg = Release|x86
		{07C2F5F5-05BA-4EB6-9AB8-A8119608E90D}.Release|Mixed Platforms.ActiveCfg = Release|x86
		{07C2F5F5-05BA-4EB6-9AB8-A8119608E90D}.Release|Mixed Platforms.Build.0 = Release|x86
		{07C2F5F5-05BA-4EB6-9AB8-A8119608E90D}.Release|x86.ActiveCfg = Release|x86
		{07C2F5F5-05BA-4EB6-9AB8-A8119608E90D}.Release|x86.Build.0 = Release|x86
	EndGlobalSection
	GlobalSection(SolutionProperties) = preSolution
		HideSolutionNode = FALSE
	EndGlobalSection
EndGlobal
